// !$*UTF8*$!
{
	archiveVersion = 1;
	classes = {
	};
	objectVersion = 46;
	objects = {

/* Begin PBXBuildFile section */
		653EFE081E1351AC00EF39B7 /* MovieCell.swift in Sources */ = {isa = PBXBuildFile; fileRef = 653EFE061E1351AC00EF39B7 /* MovieCell.swift */; };
		653EFE091E1351AC00EF39B7 /* MovieCell.xib in Resources */ = {isa = PBXBuildFile; fileRef = 653EFE071E1351AC00EF39B7 /* MovieCell.xib */; };
		655E264F1E13327700EB4276 /* AppDelegate.swift in Sources */ = {isa = PBXBuildFile; fileRef = 655E264E1E13327700EB4276 /* AppDelegate.swift */; };
		655E26511E13327700EB4276 /* NowPlayingViewController.swift in Sources */ = {isa = PBXBuildFile; fileRef = 655E26501E13327700EB4276 /* NowPlayingViewController.swift */; };
		655E26541E13327700EB4276 /* Main.storyboard in Resources */ = {isa = PBXBuildFile; fileRef = 655E26521E13327700EB4276 /* Main.storyboard */; };
		655E26561E13327700EB4276 /* Assets.xcassets in Resources */ = {isa = PBXBuildFile; fileRef = 655E26551E13327700EB4276 /* Assets.xcassets */; };
		655E26591E13327700EB4276 /* LaunchScreen.storyboard in Resources */ = {isa = PBXBuildFile; fileRef = 655E26571E13327700EB4276 /* LaunchScreen.storyboard */; };
		B50CE9911D180D715DA7326E /* Pods_Flicks.framework in Frameworks */ = {isa = PBXBuildFile; fileRef = 3BE1702F044BA5A1DF9A8056 /* Pods_Flicks.framework */; };
/* End PBXBuildFile section */

/* Begin PBXFileReference section */
		3BE1702F044BA5A1DF9A8056 /* Pods_Flicks.framework */ = {isa = PBXFileReference; explicitFileType = wrapper.framework; includeInIndex = 0; path = Pods_Flicks.framework; sourceTree = BUILT_PRODUCTS_DIR; };
		653EFE061E1351AC00EF39B7 /* MovieCell.swift */ = {isa = PBXFileReference; fileEncoding = 4; lastKnownFileType = sourcecode.swift; path = MovieCell.swift; sourceTree = "<group>"; };
		653EFE071E1351AC00EF39B7 /* MovieCell.xib */ = {isa = PBXFileReference; fileEncoding = 4; lastKnownFileType = file.xib; path = MovieCell.xib; sourceTree = "<group>"; };
		655E264B1E13327700EB4276 /* Flicks.app */ = {isa = PBXFileReference; explicitFileType = wrapper.application; includeInIndex = 0; path = Flicks.app; sourceTree = BUILT_PRODUCTS_DIR; };
		655E264E1E13327700EB4276 /* AppDelegate.swift */ = {isa = PBXFileReference; lastKnownFileType = sourcecode.swift; path = AppDelegate.swift; sourceTree = "<group>"; };
		655E26501E13327700EB4276 /* NowPlayingViewController.swift */ = {isa = PBXFileReference; lastKnownFileType = sourcecode.swift; path = NowPlayingViewController.swift; sourceTree = "<group>"; };
		655E26531E13327700EB4276 /* Base */ = {isa = PBXFileReference; lastKnownFileType = file.storyboard; name = Base; path = Base.lproj/Main.storyboard; sourceTree = "<group>"; };
		655E26551E13327700EB4276 /* Assets.xcassets */ = {isa = PBXFileReference; lastKnownFileType = folder.assetcatalog; path = Assets.xcassets; sourceTree = "<group>"; };
		655E26581E13327700EB4276 /* Base */ = {isa = PBXFileReference; lastKnownFileType = file.storyboard; name = Base; path = Base.lproj/LaunchScreen.storyboard; sourceTree = "<group>"; };
		655E265A1E13327700EB4276 /* Info.plist */ = {isa = PBXFileReference; lastKnownFileType = text.plist.xml; path = Info.plist; sourceTree = "<group>"; };
		BAC27DA043039EE5E74FEEB4 /* Pods-Flicks.release.xcconfig */ = {isa = PBXFileReference; includeInIndex = 1; lastKnownFileType = text.xcconfig; name = "Pods-Flicks.release.xcconfig"; path = "Pods/Target Support Files/Pods-Flicks/Pods-Flicks.release.xcconfig"; sourceTree = "<group>"; };
		C11134434FBDA7E76C877DBF /* Pods-Flicks.debug.xcconfig */ = {isa = PBXFileReference; includeInIndex = 1; lastKnownFileType = text.xcconfig; name = "Pods-Flicks.debug.xcconfig"; path = "Pods/Target Support Files/Pods-Flicks/Pods-Flicks.debug.xcconfig"; sourceTree = "<group>"; };
/* End PBXFileReference section */

/* Begin PBXFrameworksBuildPhase section */
		655E26481E13327600EB4276 /* Frameworks */ = {
			isa = PBXFrameworksBuildPhase;
			buildActionMask = 2147483647;
			files = (
				B50CE9911D180D715DA7326E /* Pods_Flicks.framework in Frameworks */,
			);
			runOnlyForDeploymentPostprocessing = 0;
		};
/* End PBXFrameworksBuildPhase section */

/* Begin PBXGroup section */
		0D3D5A570088D901855987F4 /* Pods */ = {
			isa = PBXGroup;
			children = (
				C11134434FBDA7E76C877DBF /* Pods-Flicks.debug.xcconfig */,
				BAC27DA043039EE5E74FEEB4 /* Pods-Flicks.release.xcconfig */,
			);
			name = Pods;
			sourceTree = "<group>";
		};
		655E26421E13327600EB4276 = {
			isa = PBXGroup;
			children = (
				655E264D1E13327700EB4276 /* Flicks */,
				655E264C1E13327700EB4276 /* Products */,
				0D3D5A570088D901855987F4 /* Pods */,
				844CB7A678A992324EA3B4FB /* Frameworks */,
			);
			sourceTree = "<group>";
		};
		655E264C1E13327700EB4276 /* Products */ = {
			isa = PBXGroup;
			children = (
				655E264B1E13327700EB4276 /* Flicks.app */,
			);
			name = Products;
			sourceTree = "<group>";
		};
		655E264D1E13327700EB4276 /* Flicks */ = {
			isa = PBXGroup;
			children = (
				655E26601E133AC800EB4276 /* MovieCell */,
				655E264E1E13327700EB4276 /* AppDelegate.swift */,
				655E26501E13327700EB4276 /* NowPlayingViewController.swift */,
				655E26521E13327700EB4276 /* Main.storyboard */,
				655E26551E13327700EB4276 /* Assets.xcassets */,
				655E26571E13327700EB4276 /* LaunchScreen.storyboard */,
				655E265A1E13327700EB4276 /* Info.plist */,
			);
			path = Flicks;
			sourceTree = "<group>";
		};
		655E26601E133AC800EB4276 /* MovieCell */ = {
			isa = PBXGroup;
			children = (
				653EFE061E1351AC00EF39B7 /* MovieCell.swift */,
				653EFE071E1351AC00EF39B7 /* MovieCell.xib */,
			);
			name = MovieCell;
			sourceTree = "<group>";
		};
		844CB7A678A992324EA3B4FB /* Frameworks */ = {
			isa = PBXGroup;
			children = (
				3BE1702F044BA5A1DF9A8056 /* Pods_Flicks.framework */,
			);
			name = Frameworks;
			sourceTree = "<group>";
		};
/* End PBXGroup section */

/* Begin PBXNativeTarget section */
		655E264A1E13327600EB4276 /* Flicks */ = {
			isa = PBXNativeTarget;
			buildConfigurationList = 655E265D1E13327700EB4276 /* Build configuration list for PBXNativeTarget "Flicks" */;
			buildPhases = (
				FBA745055E504046139E9AA3 /* [CP] Check Pods Manifest.lock */,
				655E26471E13327600EB4276 /* Sources */,
				655E26481E13327600EB4276 /* Frameworks */,
				655E26491E13327600EB4276 /* Resources */,
				1DF094C71D2A1D8CC33104E1 /* [CP] Embed Pods Frameworks */,
				008C6B5272A95B9D5F99BB17 /* [CP] Copy Pods Resources */,
			);
			buildRules = (
			);
			dependencies = (
			);
			name = Flicks;
			productName = Flicks;
			productReference = 655E264B1E13327700EB4276 /* Flicks.app */;
			productType = "com.apple.product-type.application";
		};
/* End PBXNativeTarget section */

/* Begin PBXProject section */
		655E26431E13327600EB4276 /* Project object */ = {
			isa = PBXProject;
			attributes = {
				LastSwiftUpdateCheck = 0810;
				LastUpgradeCheck = 0810;
				ORGANIZATIONNAME = Notabela;
				TargetAttributes = {
					655E264A1E13327600EB4276 = {
						CreatedOnToolsVersion = 8.1;
						ProvisioningStyle = Automatic;
					};
				};
			};
			buildConfigurationList = 655E26461E13327600EB4276 /* Build configuration list for PBXProject "Flicks" */;
			compatibilityVersion = "Xcode 3.2";
			developmentRegion = English;
			hasScannedForEncodings = 0;
			knownRegions = (
				en,
				Base,
			);
			mainGroup = 655E26421E13327600EB4276;
			productRefGroup = 655E264C1E13327700EB4276 /* Products */;
			projectDirPath = "";
			projectRoot = "";
			targets = (
				655E264A1E13327600EB4276 /* Flicks */,
			);
		};
/* End PBXProject section */

/* Begin PBXResourcesBuildPhase section */
		655E26491E13327600EB4276 /* Resources */ = {
			isa = PBXResourcesBuildPhase;
			buildActionMask = 2147483647;
			files = (
				655E26591E13327700EB4276 /* LaunchScreen.storyboard in Resources */,
				655E26561E13327700EB4276 /* Assets.xcassets in Resources */,
				653EFE091E1351AC00EF39B7 /* MovieCell.xib in Resources */,
				655E26541E13327700EB4276 /* Main.storyboard in Resources */,
			);
			runOnlyForDeploymentPostprocessing = 0;
		};
/* End PBXResourcesBuildPhase section */

/* Begin PBXShellScriptBuildPhase section */
		008C6B5272A95B9D5F99BB17 /* [CP] Copy Pods Resources */ = {
			isa = PBXShellScriptBuildPhase;
			buildActionMask = 2147483647;
			files = (
			);
			inputPaths = (
			);
			name = "[CP] Copy Pods Resources";
			outputPaths = (
			);
			runOnlyForDeploymentPostprocessing = 0;
			shellPath = /bin/sh;
			shellScript = "\"${SRCROOT}/Pods/Target Support Files/Pods-Flicks/Pods-Flicks-resources.sh\"\n";
			showEnvVarsInLog = 0;
		};
		1DF094C71D2A1D8CC33104E1 /* [CP] Embed Pods Frameworks */ = {
			isa = PBXShellScriptBuildPhase;
			buildActionMask = 2147483647;
			files = (
			);
			inputPaths = (
			);
			name = "[CP] Embed Pods Frameworks";
			outputPaths = (
			);
			runOnlyForDeploymentPostprocessing = 0;
			shellPath = /bin/sh;
			shellScript = "\"${SRCROOT}/Pods/Target Support Files/Pods-Flicks/Pods-Flicks-frameworks.sh\"\n";
			showEnvVarsInLog = 0;
		};
		FBA745055E504046139E9AA3 /* [CP] Check Pods Manifest.lock */ = {
			isa = PBXShellScriptBuildPhase;
			buildActionMask = 2147483647;
			files = (
			);
			inputPaths = (
			);
			name = "[CP] Check Pods Manifest.lock";
			outputPaths = (
			);
			runOnlyForDeploymentPostprocessing = 0;
			shellPath = /bin/sh;
			shellScript = "diff \"${PODS_ROOT}/../Podfile.lock\" \"${PODS_ROOT}/Manifest.lock\" > /dev/null\nif [ $? != 0 ] ; then\n    # print error to STDERR\n    echo \"error: The sandbox is not in sync with the Podfile.lock. Run 'pod install' or update your CocoaPods installation.\" >&2\n    exit 1\nfi\n";
			showEnvVarsInLog = 0;
		};
/* End PBXShellScriptBuildPhase section */

/* Begin PBXSourcesBuildPhase section */
		655E26471E13327600EB4276 /* Sources */ = {
			isa = PBXSourcesBuildPhase;
			buildActionMask = 2147483647;
			files = (
				655E26511E13327700EB4276 /* NowPlayingViewController.swift in Sources */,
				655E264F1E13327700EB4276 /* AppDelegate.swift in Sources */,
				653EFE081E1351AC00EF39B7 /* MovieCell.swift in Sources */,
			);
			runOnlyForDeploymentPostprocessing = 0;
		};
/* End PBXSourcesBuildPhase section */

/* Begin PBXVariantGroup section */
		655E26521E13327700EB4276 /* Main.storyboard */ = {
			isa = PBXVariantGroup;
			children = (
				655E26531E13327700EB4276 /* Base */,
			);
			name = Main.storyboard;
			sourceTree = "<group>";
		};
		655E26571E13327700EB4276 /* LaunchScreen.storyboard */ = {
			isa = PBXVariantGroup;
			children = (
				655E26581E13327700EB4276 /* Base */,
			);
			name = LaunchScreen.storyboard;
			sourceTree = "<group>";
		};
/* End PBXVariantGroup section */

/* Begin XCBuildConfiguration section */
		655E265B1E13327700EB4276 /* Debug */ = {
			isa = XCBuildConfiguration;
			buildSettings = {
				ALWAYS_SEARCH_USER_PATHS = NO;
				CLANG_ANALYZER_NONNULL = YES;
				CLANG_CXX_LANGUAGE_STANDARD = "gnu++0x";
				CLANG_CXX_LIBRARY = "libc++";
				CLANG_ENABLE_MODULES = YES;
				CLANG_ENABLE_OBJC_ARC = YES;
				CLANG_WARN_BOOL_CONVERSION = YES;
				CLANG_WARN_CONSTANT_CONVERSION = YES;
				CLANG_WARN_DIRECT_OBJC_ISA_USAGE = YES_ERROR;
				CLANG_WARN_DOCUMENTATION_COMMENTS = YES;
				CLANG_WARN_EMPTY_BODY = YES;
				CLANG_WARN_ENUM_CONVERSION = YES;
				CLANG_WARN_INFINITE_RECURSION = YES;
				CLANG_WARN_INT_CONVERSION = YES;
				CLANG_WARN_OBJC_ROOT_CLASS = YES_ERROR;
				CLANG_WARN_SUSPICIOUS_MOVES = YES;
				CLANG_WARN_UNREACHABLE_CODE = YES;
				CLANG_WARN__DUPLICATE_METHOD_MATCH = YES;
				"CODE_SIGN_IDENTITY[sdk=iphoneos*]" = "iPhone Developer";
				COPY_PHASE_STRIP = NO;
				DEBUG_INFORMATION_FORMAT = dwarf;
				ENABLE_STRICT_OBJC_MSGSEND = YES;
				ENABLE_TESTABILITY = YES;
				GCC_C_LANGUAGE_STANDARD = gnu99;
				GCC_DYNAMIC_NO_PIC = NO;
				GCC_NO_COMMON_BLOCKS = YES;
				GCC_OPTIMIZATION_LEVEL = 0;
				GCC_PREPROCESSOR_DEFINITIONS = (
					"DEBUG=1",
					"$(inherited)",
				);
				GCC_WARN_64_TO_32_BIT_CONVERSION = YES;
				GCC_WARN_ABOUT_RETURN_TYPE = YES_ERROR;
				GCC_WARN_UNDECLARED_SELECTOR = YES;
				GCC_WARN_UNINITIALIZED_AUTOS = YES_AGGRESSIVE;
				GCC_WARN_UNUSED_FUNCTION = YES;
				GCC_WARN_UNUSED_VARIABLE = YES;
				IPHONEOS_DEPLOYMENT_TARGET = 9.0;
				MTL_ENABLE_DEBUG_INFO = YES;
				ONLY_ACTIVE_ARCH = YES;
				SDKROOT = iphoneos;
				SWIFT_ACTIVE_COMPILATION_CONDITIONS = DEBUG;
				SWIFT_OPTIMIZATION_LEVEL = "-Onone";
			};
			name = Debug;
		};
		655E265C1E13327700EB4276 /* Release */ = {
			isa = XCBuildConfiguration;
			buildSettings = {
				ALWAYS_SEARCH_USER_PATHS = NO;
				CLANG_ANALYZER_NONNULL = YES;
				CLANG_CXX_LANGUAGE_STANDARD = "gnu++0x";
				CLANG_CXX_LIBRARY = "libc++";
				CLANG_ENABLE_MODULES = YES;
				CLANG_ENABLE_OBJC_ARC = YES;
				CLANG_WARN_BOOL_CONVERSION = YES;
				CLANG_WARN_CONSTANT_CONVERSION = YES;
				CLANG_WARN_DIRECT_OBJC_ISA_USAGE = YES_ERROR;
				CLANG_WARN_DOCUMENTATION_COMMENTS = YES;
				CLANG_WARN_EMPTY_BODY = YES;
				CLANG_WARN_ENUM_CONVERSION = YES;
				CLANG_WARN_INFINITE_RECURSION = YES;
				CLANG_WARN_INT_CONVERSION = YES;
				CLANG_WARN_OBJC_ROOT_CLASS = YES_ERROR;
				CLANG_WARN_SUSPICIOUS_MOVES = YES;
				CLANG_WARN_UNREACHABLE_CODE = YES;
				CLANG_WARN__DUPLICATE_METHOD_MATCH = YES;
				"CODE_SIGN_IDENTITY[sdk=iphoneos*]" = "iPhone Developer";
				COPY_PHASE_STRIP = NO;
				DEBUG_INFORMATION_FORMAT = "dwarf-with-dsym";
				ENABLE_NS_ASSERTIONS = NO;
				ENABLE_STRICT_OBJC_MSGSEND = YES;
				GCC_C_LANGUAGE_STANDARD = gnu99;
				GCC_NO_COMMON_BLOCKS = YES;
				GCC_WARN_64_TO_32_BIT_CONVERSION = YES;
				GCC_WARN_ABOUT_RETURN_TYPE = YES_ERROR;
				GCC_WARN_UNDECLARED_SELECTOR = YES;
				GCC_WARN_UNINITIALIZED_AUTOS = YES_AGGRESSIVE;
				GCC_WARN_UNUSED_FUNCTION = YES;
				GCC_WARN_UNUSED_VARIABLE = YES;
				IPHONEOS_DEPLOYMENT_TARGET = 9.0;
				MTL_ENABLE_DEBUG_INFO = NO;
				SDKROOT = iphoneos;
				SWIFT_OPTIMIZATION_LEVEL = "-Owholemodule";
				VALIDATE_PRODUCT = YES;
			};
			name = Release;
		};
		655E265E1E13327700EB4276 /* Debug */ = {
			isa = XCBuildConfiguration;
			baseConfigurationReference = C11134434FBDA7E76C877DBF /* Pods-Flicks.debug.xcconfig */;
			buildSettings = {
				ASSETCATALOG_COMPILER_APPICON_NAME = AppIcon;
				INFOPLIST_FILE = Flicks/Info.plist;
				IPHONEOS_DEPLOYMENT_TARGET = 9.0;
				LD_RUNPATH_SEARCH_PATHS = "$(inherited) @executable_path/Frameworks";
				PRODUCT_BUNDLE_IDENTIFIER = com.notabela.Flicks;
				PRODUCT_NAME = "$(TARGET_NAME)";
				SWIFT_VERSION = 3.0;
			};
			name = Debug;
		};
		655E265F1E13327700EB4276 /* Release */ = {
			isa = XCBuildConfiguration;
			baseConfigurationReference = BAC27DA043039EE5E74FEEB4 /* Pods-Flicks.release.xcconfig */;
			buildSettings = {
				ASSETCATALOG_COMPILER_APPICON_NAME = AppIcon;
				INFOPLIST_FILE = Flicks/Info.plist;
				IPHONEOS_DEPLOYMENT_TARGET = 9.0;
				LD_RUNPATH_SEARCH_PATHS = "$(inherited) @executable_path/Frameworks";
				PRODUCT_BUNDLE_IDENTIFIER = com.notabela.Flicks;
				PRODUCT_NAME = "$(TARGET_NAME)";
				SWIFT_VERSION = 3.0;
			};
			name = Release;
		};
/* End XCBuildConfiguration section */

/* Begin XCConfigurationList section */
		655E26461E13327600EB4276 /* Build configuration list for PBXProject "Flicks" */ = {
			isa = XCConfigurationList;
			buildConfigurations = (
				655E265B1E13327700EB4276 /* Debug */,
				655E265C1E13327700EB4276 /* Release */,
			);
			defaultConfigurationIsVisible = 0;
			defaultConfigurationName = Release;
		};
		655E265D1E13327700EB4276 /* Build configuration list for PBXNativeTarget "Flicks" */ = {
			isa = XCConfigurationList;
			buildConfigurations = (
				655E265E1E13327700EB4276 /* Debug */,
				655E265F1E13327700EB4276 /* Release */,
			);
			defaultConfigurationIsVisible = 0;
			defaultConfigurationName = Release;
		};
/* End XCConfigurationList section */
	};
	rootObject = 655E26431E13327600EB4276 /* Project object */;
}
